Microsoft Visual Studio Solution File, Format Version 12.00
# Visual Studio Version 17
VisualStudioVersion = 17.5.2.0
MinimumVisualStudioVersion = 10.0.40219.1
Project("{2150E333-8FDC-42A3-9474-1A3956D46DE8}") = "apps", "apps", "{1787FE1D-075E-9E68-7218-25F1BD1BBEAB}"
EndProject
Project("{2150E333-8FDC-42A3-9474-1A3956D46DE8}") = "server", "server", "{762CE181-B567-DC4E-7B44-930860771A9A}"
EndProject
Project("{FAE04EC0-301F-11D3-BF4B-00C04F79EFBC}") = "TmdbProxy.Api", "apps\server\TmdbProxy.Api.csproj", "{CF06BA8C-80B8-6463-BA77-04C4D98C3C63}"
EndProject
Global
	GlobalSection(SolutionConfigurationPlatforms) = preSolution
		Debug|Any CPU = Debug|Any CPU
		Release|Any CPU = Release|Any CPU
	EndGlobalSection
	GlobalSection(ProjectConfigurationPlatforms) = postSolution
		{CF06BA8C-80B8-6463-BA77-04C4D98C3C63}.Debug|Any CPU.ActiveCfg = Debug|Any CPU
		{CF06BA8C-80B8-6463-BA77-04C4D98C3C63}.Debug|Any CPU.Build.0 = Debug|Any CPU
		{CF06BA8C-80B8-6463-BA77-04C4D98C3C63}.Release|Any CPU.ActiveCfg = Release|Any CPU
		{CF06BA8C-80B8-6463-BA77-04C4D98C3C63}.Release|Any CPU.Build.0 = Release|Any CPU
	EndGlobalSection
	GlobalSection(SolutionProperties) = preSolution
		HideSolutionNode = FALSE
	EndGlobalSection
	GlobalSection(NestedProjects) = preSolution
		{762CE181-B567-DC4E-7B44-930860771A9A} = {1787FE1D-075E-9E68-7218-25F1BD1BBEAB}
		{CF06BA8C-80B8-6463-BA77-04C4D98C3C63} = {762CE181-B567-DC4E-7B44-930860771A9A}
	EndGlobalSection
	GlobalSection(ExtensibilityGlobals) = postSolution
		SolutionGuid = {EDCE8BB3-C475-4992-B6CD-39C3B0601816}
	EndGlobalSection
EndGlobal
